
Microsoft Visual Studio Solution File, Format Version 12.00
# Visual Studio Version 17
VisualStudioVersion = 17.1.32421.90
MinimumVisualStudioVersion = 10.0.40219.1
Project("{FAE04EC0-301F-11D3-BF4B-00C04F79EFBC}") = "WinFormsApp1", "WinFormsApp1\WinFormsApp1.csproj", "{AF37E51A-7D3B-44A5-9B37-8C8183070FE5}"
EndProject
Global
	GlobalSection(SolutionConfigurationPlatforms) = preSolution
		Debug|Any CPU = Debug|Any CPU
		Release|Any CPU = Release|Any CPU
	EndGlobalSection
	GlobalSection(ProjectConfigurationPlatforms) = postSolution
		{AF37E51A-7D3B-44A5-9B37-8C8183070FE5}.Debug|Any CPU.ActiveCfg = Debug|Any CPU
		{AF37E51A-7D3B-44A5-9B37-8C8183070FE5}.Debug|Any CPU.Build.0 = Debug|Any CPU
		{AF37E51A-7D3B-44A5-9B37-8C8183070FE5}.Release|Any CPU.ActiveCfg = Release|Any CPU
		{AF37E51A-7D3B-44A5-9B37-8C8183070FE5}.Release|Any CPU.Build.0 = Release|Any CPU
	EndGlobalSection
	GlobalSection(SolutionProperties) = preSolution
		HideSolutionNode = FALSE
	EndGlobalSection
	GlobalSection(ExtensibilityGlobals) = postSolution
		SolutionGuid = {E71A60E9-94E8-44D2-BB1A-791500772174}
	EndGlobalSection
EndGlobal
